
Microsoft Visual Studio Solution File, Format Version 12.00
# Visual Studio 14
VisualStudioVersion = 14.0.25420.1
MinimumVisualStudioVersion = 10.0.40219.1
Project("{FAE04EC0-301F-11D3-BF4B-00C04F79EFBC}") = "TrafficLight", "TrafficLight\TrafficLight.csproj", "{FFC13418-EA32-4D79-81DB-0BAD2ADEC58B}"
EndProject
Global
	GlobalSection(SolutionConfigurationPlatforms) = preSolution
		Debug|Any CPU = Debug|Any CPU
		Release|Any CPU = Release|Any CPU
	EndGlobalSection
	GlobalSection(ProjectConfigurationPlatforms) = postSolution
		{FFC13418-EA32-4D79-81DB-0BAD2ADEC58B}.Debug|Any CPU.ActiveCfg = Debug|Any CPU
		{FFC13418-EA32-4D79-81DB-0BAD2ADEC58B}.Debug|Any CPU.Build.0 = Debug|Any CPU
		{FFC13418-EA32-4D79-81DB-0BAD2ADEC58B}.Release|Any CPU.ActiveCfg = Release|Any CPU
		{FFC13418-EA32-4D79-81DB-0BAD2ADEC58B}.Release|Any CPU.Build.0 = Release|Any CPU
	EndGlobalSection
	GlobalSection(SolutionProperties) = preSolution
		HideSolutionNode = FALSE
	EndGlobalSection
EndGlobal
