
Microsoft Visual Studio Solution File, Format Version 12.00
# Visual Studio 14
VisualStudioVersion = 14.0.25420.1
MinimumVisualStudioVersion = 10.0.40219.1
Project("{FAE04EC0-301F-11D3-BF4B-00C04F79EFBC}") = "Stack", "Stack\Stack.csproj", "{7DA966ED-9C6B-4DAB-B4FD-057C984CFC52}"
EndProject
Global
	GlobalSection(SolutionConfigurationPlatforms) = preSolution
		Debug|Any CPU = Debug|Any CPU
		Release|Any CPU = Release|Any CPU
	EndGlobalSection
	GlobalSection(ProjectConfigurationPlatforms) = postSolution
		{7DA966ED-9C6B-4DAB-B4FD-057C984CFC52}.Debug|Any CPU.ActiveCfg = Debug|Any CPU
		{7DA966ED-9C6B-4DAB-B4FD-057C984CFC52}.Debug|Any CPU.Build.0 = Debug|Any CPU
		{7DA966ED-9C6B-4DAB-B4FD-057C984CFC52}.Release|Any CPU.ActiveCfg = Release|Any CPU
		{7DA966ED-9C6B-4DAB-B4FD-057C984CFC52}.Release|Any CPU.Build.0 = Release|Any CPU
	EndGlobalSection
	GlobalSection(SolutionProperties) = preSolution
		HideSolutionNode = FALSE
	EndGlobalSection
EndGlobal
